# @generated by Move, please check-in and do not edit manually.

[move]
version = 3
manifest_digest = "8A34EED2394F85A7B68B7E682DAE943ECE9422F0DCF9293156C9491284335A17"
deps_digest = "52B406A7A21811BEF51751CF88DA0E76DAEFFEAC888D4F4060B1A72BBE7D8D35"
dependencies = [
  { id = "Bridge", name = "Bridge" },
  { id = "MoleVault", name = "MoleVault" },
  { id = "MoveStdlib", name = "MoveStdlib" },
  { id = "Sui", name = "Sui" },
  { id = "SuiSystem", name = "SuiSystem" },
  { id = "belobog", name = "belobog" },
]

[[move.package]]
id = "Bridge"
source = { git = "https://github.com/MystenLabs/sui.git", rev = "db951a5ea6b125f6253a6b7f436ddba46eb0feb3", subdir = "crates/sui-framework/packages/bridge" }

dependencies = [
  { id = "MoveStdlib", name = "MoveStdlib" },
  { id = "Sui", name = "Sui" },
  { id = "SuiSystem", name = "SuiSystem" },
]

[[move.package]]
id = "Mole"
source = { git = "https://github.com/Mole-Fi/mole-contract-integrate-sui.git", rev = "0c9be6c58bc7553beb53a4bc9ce51560ac3ec6cf", subdir = "mole" }

dependencies = [
  { id = "Bridge", name = "Bridge" },
  { id = "MoleCoin", name = "MoleCoin" },
  { id = "MoleFairLaunch", name = "MoleFairLaunch" },
  { id = "MoveStdlib", name = "MoveStdlib" },
  { id = "Sui", name = "Sui" },
  { id = "SuiSystem", name = "SuiSystem" },
  { id = "SwitchboardStdLib", name = "SwitchboardStdLib" },
]

[[move.package]]
id = "MoleCoin"
source = { git = "https://github.com/Mole-Fi/mole-contract-integrate-sui.git", rev = "0c9be6c58bc7553beb53a4bc9ce51560ac3ec6cf", subdir = "mole_coins/mole_coin" }

dependencies = [
  { id = "Sui", name = "Sui" },
]

[[move.package]]
id = "MoleFairLaunch"
source = { git = "https://github.com/Mole-Fi/mole-contract-integrate-sui.git", rev = "0c9be6c58bc7553beb53a4bc9ce51560ac3ec6cf", subdir = "mole_coins/mole_fair_launch" }

dependencies = [
  { id = "Bridge", name = "Bridge" },
  { id = "MoleCoin", name = "MoleCoin" },
  { id = "MoveStdlib", name = "MoveStdlib" },
  { id = "Sui", name = "Sui" },
  { id = "SuiSystem", name = "SuiSystem" },
]

[[move.package]]
id = "MoleVault"
source = { git = "https://github.com/Mole-Fi/mole-contract-integrate-sui.git", rev = "0c9be6c58bc7553beb53a4bc9ce51560ac3ec6cf", subdir = "mole_vault" }

dependencies = [
  { id = "Bridge", name = "Bridge" },
  { id = "Mole", name = "Mole" },
  { id = "MoleWorker", name = "MoleWorker" },
  { id = "MoveStdlib", name = "MoveStdlib" },
  { id = "Sui", name = "Sui" },
  { id = "SuiSystem", name = "SuiSystem" },
]

[[move.package]]
id = "MoleWorker"
source = { git = "https://github.com/Mole-Fi/mole-contract-integrate-sui.git", rev = "0c9be6c58bc7553beb53a4bc9ce51560ac3ec6cf", subdir = "mole_worker" }

dependencies = [
  { id = "Bridge", name = "Bridge" },
  { id = "Mole", name = "Mole" },
  { id = "MoveStdlib", name = "MoveStdlib" },
  { id = "Sui", name = "Sui" },
  { id = "SuiSystem", name = "SuiSystem" },
]

[[move.package]]
id = "MoveStdlib"
source = { git = "https://github.com/MystenLabs/sui.git", rev = "db951a5ea6b125f6253a6b7f436ddba46eb0feb3", subdir = "crates/sui-framework/packages/move-stdlib" }

[[move.package]]
id = "Sui"
source = { git = "https://github.com/MystenLabs/sui.git", rev = "db951a5ea6b125f6253a6b7f436ddba46eb0feb3", subdir = "crates/sui-framework/packages/sui-framework" }

dependencies = [
  { id = "MoveStdlib", name = "MoveStdlib" },
]

[[move.package]]
id = "SuiSystem"
source = { git = "https://github.com/MystenLabs/sui.git", rev = "db951a5ea6b125f6253a6b7f436ddba46eb0feb3", subdir = "crates/sui-framework/packages/sui-system" }

dependencies = [
  { id = "MoveStdlib", name = "MoveStdlib" },
  { id = "Sui", name = "Sui" },
]

[[move.package]]
id = "SwitchboardStdLib"
source = { git = "https://github.com/Mole-Fi/mole-contract-integrate-sui.git", rev = "0c9be6c58bc7553beb53a4bc9ce51560ac3ec6cf", subdir = "ref/switchboard_std" }

dependencies = [
  { id = "MoveStdlib", name = "MoveStdlib" },
  { id = "Sui", name = "Sui" },
]

[[move.package]]
id = "belobog"
source = { local = "../../../../move/belobog" }

dependencies = [
  { id = "Bridge", name = "Bridge" },
  { id = "MoveStdlib", name = "MoveStdlib" },
  { id = "Sui", name = "Sui" },
  { id = "SuiSystem", name = "SuiSystem" },
]

[move.toolchain-version]
compiler-version = "1.55.0"
edition = "2024.beta"
flavor = "sui"
